github.com/go-chi/chi/v5 v5.0.11 h1:BnpYbFZ3T3S1WMpD79r7R5ThWX40TaFB7L31Y8xqSwA=
github.com/go-chi/chi/v5 v5.0.11/go.mod h1:DslCQbL2OYiznFReuXYUmQ2hGd1aDpCnlMNITLSKoi8=
github.com/go-chi/httplog/v2 v2.0.8 h1:UUhxHxGvUu4OVRfXbstuKW7kH8eTRABv57/3q1baTaQ=
github.com/go-chi/httplog/v2 v2.0.8/go.mod h1:/XXdxicJsp4BA5fapgIC3VuTD+z0Z/VzukoB3VDc1YE=
github.com/lmittmann/tint v1.0.3 h1:W5PHeA2D8bBJVvabNfQD/XW9HPLZK1XoPZH0cq8NouQ=
github.com/lmittmann/tint v1.0.3/go.mod h1:HIS3gSy7qNwGCj+5oRjAutErFBl4BzdQP6cJZ0NfMwE=
github.com/spf13/pflag v1.0.5 h1:iy+VFUOCP1a+8yFto/drg2CJ5u0yRoB7fZw3DKv/JXA=
github.com/spf13/pflag v1.0.5/go.mod h1:McXfInJRrz4CZXVZOBLb0bTZqETkiAhM9Iw0y3An2Bg=
libdb.so/hserve v0.0.0-20230404043009-95e112a6e0a5 h1:EoO8WHF7uWQuvqBRgnt0wsvG9u7gOVllHBP7l2YOsAA=
libdb.so/hserve v0.0.0-20230404043009-95e112a6e0a5/go.mod h1:ZGoXSA4bL8Czb67YFYN3Uiy7Hvind5RhMSQgU6k4sq8=
